{
  "lockfileVersion": 1,
  "configVersion": 1,
  "workspaces": {
    "": {
      "name": "google",
      "dependencies": {
        "marked": "^18.0.7",
      },
    },
  },
  "packages": {
    "marked": ["marked@18.0.9", "", { "bin": { "marked": "bin/marked.js" } }, "sha512-/Sa4qiiHZxf0/FQdBBowr9q4r10krCwMvpK48FUBdXdUXScDxiQGR9zCPrFgRVR5LU3iySOiIjy09ZQvADir1w=="],
  }
}
